
Microsoft Visual Studio Solution File, Format Version 12.00
# Visual Studio 15
VisualStudioVersion = 15.0.27130.2027
MinimumVisualStudioVersion = 10.0.40219.1
Project("{FAE04EC0-301F-11D3-BF4B-00C04F79EFBC}") = "Task1", "Task1\Task1.csproj", "{7D655B5E-56A0-4EEF-9C9B-CEAEBCB36855}"
EndProject
Project("{FAE04EC0-301F-11D3-BF4B-00C04F79EFBC}") = "Task2", "Task2\Task2.csproj", "{9496F166-6422-4005-A417-3A1345A94800}"
EndProject
Project("{FAE04EC0-301F-11D3-BF4B-00C04F79EFBC}") = "Task3", "Task3\Task3.csproj", "{B2CA555C-DCC2-4710-9C5E-935C2682F695}"
EndProject
Project("{FAE04EC0-301F-11D3-BF4B-00C04F79EFBC}") = "Task4", "Task4\Task4.csproj", "{78A30ECF-7DB4-4670-A56E-62CCF74520EE}"
EndProject
Project("{FAE04EC0-301F-11D3-BF4B-00C04F79EFBC}") = "Task5", "Task5\Task5.csproj", "{0E86A8AB-DEE4-4357-9308-86ACE35CD651}"
EndProject
Global
	GlobalSection(SolutionConfigurationPlatforms) = preSolution
		Debug|Any CPU = Debug|Any CPU
		Release|Any CPU = Release|Any CPU
	EndGlobalSection
	GlobalSection(ProjectConfigurationPlatforms) = postSolution
		{7D655B5E-56A0-4EEF-9C9B-CEAEBCB36855}.Debug|Any CPU.ActiveCfg = Debug|Any CPU
		{7D655B5E-56A0-4EEF-9C9B-CEAEBCB36855}.Debug|Any CPU.Build.0 = Debug|Any CPU
		{7D655B5E-56A0-4EEF-9C9B-CEAEBCB36855}.Release|Any CPU.ActiveCfg = Release|Any CPU
		{7D655B5E-56A0-4EEF-9C9B-CEAEBCB36855}.Release|Any CPU.Build.0 = Release|Any CPU
		{9496F166-6422-4005-A417-3A1345A94800}.Debug|Any CPU.ActiveCfg = Debug|Any CPU
		{9496F166-6422-4005-A417-3A1345A94800}.Debug|Any CPU.Build.0 = Debug|Any CPU
		{9496F166-6422-4005-A417-3A1345A94800}.Release|Any CPU.ActiveCfg = Release|Any CPU
		{9496F166-6422-4005-A417-3A1345A94800}.Release|Any CPU.Build.0 = Release|Any CPU
		{B2CA555C-DCC2-4710-9C5E-935C2682F695}.Debug|Any CPU.ActiveCfg = Debug|Any CPU
		{B2CA555C-DCC2-4710-9C5E-935C2682F695}.Debug|Any CPU.Build.0 = Debug|Any CPU
		{B2CA555C-DCC2-4710-9C5E-935C2682F695}.Release|Any CPU.ActiveCfg = Release|Any CPU
		{B2CA555C-DCC2-4710-9C5E-935C2682F695}.Release|Any CPU.Build.0 = Release|Any CPU
		{78A30ECF-7DB4-4670-A56E-62CCF74520EE}.Debug|Any CPU.ActiveCfg = Debug|Any CPU
		{78A30ECF-7DB4-4670-A56E-62CCF74520EE}.Debug|Any CPU.Build.0 = Debug|Any CPU
		{78A30ECF-7DB4-4670-A56E-62CCF74520EE}.Release|Any CPU.ActiveCfg = Release|Any CPU
		{78A30ECF-7DB4-4670-A56E-62CCF74520EE}.Release|Any CPU.Build.0 = Release|Any CPU
		{0E86A8AB-DEE4-4357-9308-86ACE35CD651}.Debug|Any CPU.ActiveCfg = Debug|Any CPU
		{0E86A8AB-DEE4-4357-9308-86ACE35CD651}.Debug|Any CPU.Build.0 = Debug|Any CPU
		{0E86A8AB-DEE4-4357-9308-86ACE35CD651}.Release|Any CPU.ActiveCfg = Release|Any CPU
		{0E86A8AB-DEE4-4357-9308-86ACE35CD651}.Release|Any CPU.Build.0 = Release|Any CPU
	EndGlobalSection
	GlobalSection(SolutionProperties) = preSolution
		HideSolutionNode = FALSE
	EndGlobalSection
	GlobalSection(ExtensibilityGlobals) = postSolution
		SolutionGuid = {D76F8DCA-BBE4-4CF6-A911-82CABADE63FD}
	EndGlobalSection
EndGlobal
