
Microsoft Visual Studio Solution File, Format Version 12.00
# Visual Studio 15
VisualStudioVersion = 15.0.27130.2027
MinimumVisualStudioVersion = 10.0.40219.1
Project("{FAE04EC0-301F-11D3-BF4B-00C04F79EFBC}") = "Task1", "Task1\Task1.csproj", "{C114778B-088F-4ED8-89D4-8AF8FB87FE7B}"
EndProject
Project("{FAE04EC0-301F-11D3-BF4B-00C04F79EFBC}") = "Task2", "Task2\Task2.csproj", "{BAFB0880-DDD4-431B-BB68-45EC33A47C2A}"
EndProject
Project("{FAE04EC0-301F-11D3-BF4B-00C04F79EFBC}") = "Task3", "Task3\Task3.csproj", "{A24B4BDD-CDD5-49CA-989A-41CB83009457}"
EndProject
Project("{FAE04EC0-301F-11D3-BF4B-00C04F79EFBC}") = "Task5", "Task5\Task5.csproj", "{B8A940AE-1555-4831-B524-F6165E7CBF7F}"
EndProject
Project("{FAE04EC0-301F-11D3-BF4B-00C04F79EFBC}") = "Task6", "Task6\Task6.csproj", "{D1E53D36-0FA5-4736-88B3-FD5209F6BA11}"
EndProject
Global
	GlobalSection(SolutionConfigurationPlatforms) = preSolution
		Debug|Any CPU = Debug|Any CPU
		Release|Any CPU = Release|Any CPU
	EndGlobalSection
	GlobalSection(ProjectConfigurationPlatforms) = postSolution
		{C114778B-088F-4ED8-89D4-8AF8FB87FE7B}.Debug|Any CPU.ActiveCfg = Debug|Any CPU
		{C114778B-088F-4ED8-89D4-8AF8FB87FE7B}.Debug|Any CPU.Build.0 = Debug|Any CPU
		{C114778B-088F-4ED8-89D4-8AF8FB87FE7B}.Release|Any CPU.ActiveCfg = Release|Any CPU
		{C114778B-088F-4ED8-89D4-8AF8FB87FE7B}.Release|Any CPU.Build.0 = Release|Any CPU
		{BAFB0880-DDD4-431B-BB68-45EC33A47C2A}.Debug|Any CPU.ActiveCfg = Debug|Any CPU
		{BAFB0880-DDD4-431B-BB68-45EC33A47C2A}.Debug|Any CPU.Build.0 = Debug|Any CPU
		{BAFB0880-DDD4-431B-BB68-45EC33A47C2A}.Release|Any CPU.ActiveCfg = Release|Any CPU
		{BAFB0880-DDD4-431B-BB68-45EC33A47C2A}.Release|Any CPU.Build.0 = Release|Any CPU
		{A24B4BDD-CDD5-49CA-989A-41CB83009457}.Debug|Any CPU.ActiveCfg = Debug|Any CPU
		{A24B4BDD-CDD5-49CA-989A-41CB83009457}.Debug|Any CPU.Build.0 = Debug|Any CPU
		{A24B4BDD-CDD5-49CA-989A-41CB83009457}.Release|Any CPU.ActiveCfg = Release|Any CPU
		{A24B4BDD-CDD5-49CA-989A-41CB83009457}.Release|Any CPU.Build.0 = Release|Any CPU
		{B8A940AE-1555-4831-B524-F6165E7CBF7F}.Debug|Any CPU.ActiveCfg = Debug|Any CPU
		{B8A940AE-1555-4831-B524-F6165E7CBF7F}.Debug|Any CPU.Build.0 = Debug|Any CPU
		{B8A940AE-1555-4831-B524-F6165E7CBF7F}.Release|Any CPU.ActiveCfg = Release|Any CPU
		{B8A940AE-1555-4831-B524-F6165E7CBF7F}.Release|Any CPU.Build.0 = Release|Any CPU
		{D1E53D36-0FA5-4736-88B3-FD5209F6BA11}.Debug|Any CPU.ActiveCfg = Debug|Any CPU
		{D1E53D36-0FA5-4736-88B3-FD5209F6BA11}.Debug|Any CPU.Build.0 = Debug|Any CPU
		{D1E53D36-0FA5-4736-88B3-FD5209F6BA11}.Release|Any CPU.ActiveCfg = Release|Any CPU
		{D1E53D36-0FA5-4736-88B3-FD5209F6BA11}.Release|Any CPU.Build.0 = Release|Any CPU
	EndGlobalSection
	GlobalSection(SolutionProperties) = preSolution
		HideSolutionNode = FALSE
	EndGlobalSection
	GlobalSection(ExtensibilityGlobals) = postSolution
		SolutionGuid = {EF568FDE-3160-424B-84DB-C07B3CE410B0}
	EndGlobalSection
EndGlobal
